
Microsoft Visual Studio Solution File, Format Version 12.00
# Visual Studio Version 16
VisualStudioVersion = 16.0.29905.134
MinimumVisualStudioVersion = 10.0.40219.1
Project("{FAE04EC0-301F-11D3-BF4B-00C04F79EFBC}") = "Factory", "Factory\Factory.csproj", "{184436D9-5F81-4049-A435-62F0F686E49A}"
EndProject
Global
	GlobalSection(SolutionConfigurationPlatforms) = preSolution
		Debug|Any CPU = Debug|Any CPU
		Release|Any CPU = Release|Any CPU
	EndGlobalSection
	GlobalSection(ProjectConfigurationPlatforms) = postSolution
		{184436D9-5F81-4049-A435-62F0F686E49A}.Debug|Any CPU.ActiveCfg = Debug|Any CPU
		{184436D9-5F81-4049-A435-62F0F686E49A}.Debug|Any CPU.Build.0 = Debug|Any CPU
		{184436D9-5F81-4049-A435-62F0F686E49A}.Release|Any CPU.ActiveCfg = Release|Any CPU
		{184436D9-5F81-4049-A435-62F0F686E49A}.Release|Any CPU.Build.0 = Release|Any CPU
	EndGlobalSection
	GlobalSection(SolutionProperties) = preSolution
		HideSolutionNode = FALSE
	EndGlobalSection
	GlobalSection(ExtensibilityGlobals) = postSolution
		SolutionGuid = {E3823D63-9578-4EE7-8050-2E2E6DDD6D47}
	EndGlobalSection
EndGlobal
